
Microsoft Visual Studio Solution File, Format Version 12.00
# Visual Studio Version 16
VisualStudioVersion = 16.0.31515.178
MinimumVisualStudioVersion = 10.0.40219.1
Project("{FAE04EC0-301F-11D3-BF4B-00C04F79EFBC}") = "DBDemo", "DBDemo\DBDemo.csproj", "{5E26BB28-4AD5-4BBE-814C-59256787B3E1}"
EndProject
Global
	GlobalSection(SolutionConfigurationPlatforms) = preSolution
		Debug|Any CPU = Debug|Any CPU
		Release|Any CPU = Release|Any CPU
	EndGlobalSection
	GlobalSection(ProjectConfigurationPlatforms) = postSolution
		{5E26BB28-4AD5-4BBE-814C-59256787B3E1}.Debug|Any CPU.ActiveCfg = Debug|Any CPU
		{5E26BB28-4AD5-4BBE-814C-59256787B3E1}.Debug|Any CPU.Build.0 = Debug|Any CPU
		{5E26BB28-4AD5-4BBE-814C-59256787B3E1}.Release|Any CPU.ActiveCfg = Release|Any CPU
		{5E26BB28-4AD5-4BBE-814C-59256787B3E1}.Release|Any CPU.Build.0 = Release|Any CPU
	EndGlobalSection
	GlobalSection(SolutionProperties) = preSolution
		HideSolutionNode = FALSE
	EndGlobalSection
	GlobalSection(ExtensibilityGlobals) = postSolution
		SolutionGuid = {2DF4DC2C-D33F-4145-AD4E-1BA59C5D883E}
	EndGlobalSection
EndGlobal
